{
    "_meta": {
        "hash": {
            "sha256": "e2d593192acadabf3463785be0dc3a1e163d41713ca8d4cd53d4e99c03d927a4"
        },
        "host-environment-markers": {
            "implementation_name": "cpython",
            "implementation_version": "0",
            "os_name": "posix",
            "platform_machine": "x86_64",
            "platform_python_implementation": "CPython",
            "platform_release": "16.7.0",
            "platform_system": "Darwin",
            "platform_version": "Darwin Kernel Version 16.7.0: Mon Nov 13 21:56:25 PST 2017; root:xnu-3789.72.11~1/RELEASE_X86_64",
            "python_full_version": "2.7.13",
            "python_version": "2.7",
            "sys_platform": "darwin"
        },
        "pipfile-spec": 6,
        "requires": {},
        "sources": [
            {
                "url": "https://pypi.python.org/simple",
                "verify_ssl": true
            }
        ]
    },
    "default": {
        "blinker": {
            "hashes": [
                "sha256:471aee25f3992bd325afa3772f1063dbdbbca947a041b8b89466dc00d606f8b6"
            ],
            "version": "==1.4"
        },
        "brotlipy": {
            "hashes": [
                "sha256:af65d2699cb9f13b26ec3ba09e75e80d31ff422c03675fcb36ee4dabe588fdc2",
                "sha256:50ca336374131cfad20612f26cc43c637ac0bfd2be3361495e99270883b52962",
                "sha256:fd1d1c64214af5d90014d82cee5d8141b13d44c92ada7a0c0ec0679c6f15a471",
                "sha256:b4c98b0d2c9c7020a524ca5bbff42027db1004c6571f8bc7b747f2b843128e7a",
                "sha256:8b39abc3256c978f575df5cd7893153277216474f303e26f0e43ba3d3969ef96",
                "sha256:5de6f7d010b7558f72f4b061a07395c5c3fd57f0285c5af7f126a677b976a868",
                "sha256:637847560d671657f993313ecc6c6c6666a936b7a925779fd044065c7bc035b9",
                "sha256:96bc59ff9b5b5552843dc67999486a220e07a0522dddd3935da05dc194fa485c",
                "sha256:091b299bf36dd6ef7a06570dbc98c0f80a504a56c5b797f31934d2ad01ae7d17",
                "sha256:0be698678a114addcf87a4b9496c552c68a2c99bf93cf8e08f5738b392e82057",
                "sha256:d2c1c724c4ac375feb2110f1af98ecdc0e5a8ea79d068efb5891f621a5b235cb",
                "sha256:3a3e56ced8b15fbbd363380344f70f3b438e0fd1fcf27b7526b6172ea950e867",
                "sha256:653faef61241bf8bf99d73ca7ec4baa63401ba7b2a2aa88958394869379d67c7",
                "sha256:0fa6088a9a87645d43d7e21e32b4a6bf8f7c3939015a50158c10972aa7f425b7",
                "sha256:79aaf217072840f3e9a3b641cccc51f7fc23037496bd71e26211856b93f4b4cb",
                "sha256:a07647886e24e2fb2d68ca8bf3ada398eb56fd8eac46c733d4d95c64d17f743b",
                "sha256:c6cc0036b1304dd0073eec416cb2f6b9e37ac8296afd9e481cac3b1f07f9db25",
                "sha256:07194f4768eb62a4f4ea76b6d0df6ade185e24ebd85877c351daa0a069f1111a",
                "sha256:7e31f7adcc5851ca06134705fcf3478210da45d35ad75ec181e1ce9ce345bb38",
                "sha256:9448227b0df082e574c45c983fa5cd4bda7bfb11ea6b59def0940c1647be0c3c",
                "sha256:dc6c5ee0df9732a44d08edab32f8a616b769cc5a4155a12d2d010d248eb3fb07",
                "sha256:3c1d5e2cf945a46975bdb11a19257fa057b67591eb232f393d260e7246d9e571",
                "sha256:2a80319ae13ea8dd60ecdc4f5ccf6da3ae64787765923256b62c598c5bba4121",
                "sha256:2699945a0a992c04fc7dc7fa2f1d0575a2c8b4b769f2874a08e8eae46bef36ae",
                "sha256:1ea4e578241504b58f2456a6c69952c88866c794648bdc74baee74839da61d44",
                "sha256:2e5c64522364a9ebcdf47c5744a5ddeb3f934742d31e61ebfbbc095460b47162",
                "sha256:09ec3e125d16749b31c74f021aba809541b3564e5359f8c265cbae442810b41a",
                "sha256:786afc8c9bd67de8d31f46e408a3386331e126829114e4db034f91eacb05396d",
                "sha256:36def0b859beaf21910157b4c33eb3b06d8ce459c942102f16988cca6ea164df"
            ],
            "version": "==0.7.0"
        },
        "cffi": {
            "hashes": [
                "sha256:5d0d7023b72794ea847725680e2156d1d01bc698a9007fccce46d03c904fe093",
                "sha256:86903c0afab4a3390170aca61f753f5adad8ffff947030719ee44dedc5b68403",
                "sha256:7d35678a54da0d3f1bc30e3a58a232043753d57c691875b5a75e4e062793bc9a",
                "sha256:824cac33906be5c8e976f0d950924d88ec058989ef9cd2f77f5cd53cec417635",
                "sha256:6ca52651f6bd4b8647cb7dee15c82619de3e13490f8e0bc0620830a2245b51d1",
                "sha256:a183959a4b1e01d6172aeed356e2523ec8682596075aa6cf0003fe08da959a49",
                "sha256:9532c5bc0108bd0fe43c0eb3faa2ef98a2db60fc0d4019f106b88d46803dd663",
                "sha256:96652215ef328262b5f1d5647632bd342ac6b31dfbc495b21f1ab27cb06d621d",
                "sha256:6c99d19225e3135f6190a3bfce2a614cae8eaa5dcaf9e0705d4ccb79a3959a3f",
                "sha256:12cbf4c04c1ad07124bfc9e928c01e282feac9ec7dd72a18042d4fc56456289a",
                "sha256:69c37089ccf10692361c8d14dbf4138b00b46741ffe9628755054499f06ed548",
                "sha256:b8d1454ef627098dc76ccfd6211a08065e6f84efe3754d8d112049fec3768e71",
                "sha256:cd13f347235410c592f6e36395ee1c136a64b66534f10173bfa4df1dc88f47d0",
                "sha256:0640f12f04f257c4467075a804a4920a5d07ef91e11c525fc65d715c08231c81",
                "sha256:89a8d05b96bdeca8fdc89c5fa9469a357d30f6c066262e92c0c8d2e4d3c53cae",
                "sha256:a67c430a9bde73ae85b0c885fcf41b556760e42ea74c16dc70431a349989b448",
                "sha256:7a831170b621e98f45ed1d5758325be19619a593924127a0a47af9a72a117319",
                "sha256:796d0379102e6da5215acfcd20e8e69cca9d97309215b4ce088fe175b1c2f586",
                "sha256:0fe3b3d571543a4065059d1d3d6d39f4ca6da0f2207ad13547094522e32ead46",
                "sha256:678135090c311780382b1dd3f828f715583ea8a69687ed053c047d3cec6625d6",
                "sha256:f4992cd7b4c867f453d44c213ee29e8fd484cf81cfece4b6e836d0982b6fa1cf",
                "sha256:6d191fb20138fe1948727b20e7b96582b7b7e676135eabf72d910e10bf7bfa65",
                "sha256:ec208ca16e57904dd7f4c7568665f80b1f7eb7e3214be014560c28def219060d",
                "sha256:b3653644d6411bf4bd64c1f2ca3cb1b093f98c68439ade5cef328609bbfabf8c",
                "sha256:f4719d0bafc5f0a67b2ec432086d40f653840698d41fa6e9afa679403dea9d78",
                "sha256:87f837459c3c78d75cb4f5aadf08a7104db15e8c7618a5c732e60f252279c7a6",
                "sha256:df9083a992b17a28cd4251a3f5c879e0198bb26c9e808c4647e0a18739f1d11d"
            ],
            "version": "==1.11.4"
        },
        "click": {
            "hashes": [
                "sha256:29f99fc6125fbc931b758dc053b3114e55c77a6e4c6c3a2674a2dc986016381d",
                "sha256:f15516df478d5a56180fbf80e68f206010e6d160fc39fa508b65e035fd75130b"
            ],
            "version": "==6.7"
        },
        "colorama": {
            "hashes": [
                "sha256:463f8483208e921368c9f306094eb6f725c6ca42b0f97e313cb5d5512459feda",
                "sha256:48eb22f4f8461b1df5734a074b57042430fb06e1d61bd1e11b078c0fe6d7a1f1"
            ],
            "version": "==0.3.9"
        },
        "contextlib2": {
            "hashes": [
                "sha256:f5260a6e679d2ff42ec91ec5252f4eeffdcf21053db9113bd0a8e4d953769c00",
                "sha256:509f9419ee91cdd00ba34443217d5ca51f5a364a404e1dce9e8979cea969ca48"
            ],
            "markers": "python_version < '3.2'",
            "version": "==0.5.5"
        },
        "crayons": {
            "hashes": [
                "sha256:6f51241d0c4faec1c04c1c0ac6a68f1d66a4655476ce1570b3f37e5166a599cc",
                "sha256:5e17691605e564d63482067eb6327d01a584bbaf870beffd4456a3391bd8809d"
            ],
            "version": "==0.1.2"
        },
        "dateparser": {
            "hashes": [
                "sha256:e2629d2f8361722c6047138ca085256c9f2cf5cc657fd66122aa0564afa4dc33",
                "sha256:f8c24317120b06f71691d28076764ec084a132be2a250a78fdf54f6b427cac95"
            ],
            "version": "==0.6.0"
        },
        "decorator": {
            "hashes": [
                "sha256:94d1d8905f5010d74bbbd86c30471255661a14187c45f8d7f3e5aa8540fdb2e5",
                "sha256:7d46dd9f3ea1cf5f06ee0e4e1277ae618cf48dfb10ada7c8427cd46c42702a0e"
            ],
            "version": "==4.2.1"
        },
        "enum34": {
            "hashes": [
                "sha256:6bd0f6ad48ec2aa117d3d141940d484deccda84d4fcd884f5c3d93c23ecd8c79",
                "sha256:644837f692e5f550741432dd3f223bbb9852018674981b1664e5dc339387588a",
                "sha256:8ad8c4783bf61ded74527bffb48ed9b54166685e4230386a9ed9b1279e2df5b1",
                "sha256:2d81cbbe0e73112bdfe6ef8576f2238f2ba27dd0d55752a776c41d38b7da2850"
            ],
            "markers": "python_version == '2.7' or python_version == '3.3'",
            "version": "==1.1.6"
        },
        "flask": {
            "hashes": [
                "sha256:0749df235e3ff61ac108f69ac178c9770caeaccad2509cb762ce1f65570a8856",
                "sha256:49f44461237b69ecd901cc7ce66feea0319b9158743dd27a2899962ab214dac1"
            ],
            "version": "==0.12.2"
        },
        "flask-cache": {
            "hashes": [
                "sha256:33187b3ddceeee233fe3db68ffcc118b5498e8ad28edde711bcbdcbf4924ce35",
                "sha256:ae9d1ac4549517dfbc1f178ccc5429f61f836be3cc109a0b2481c98b3711c329",
                "sha256:90126ca9bc063854ef8ee276e95d38b2b4ec8e45fd77d5751d37971ee27c7ef4"
            ],
            "version": "==0.13.1"
        },
        "flask-common": {
            "hashes": [
                "sha256:44fbb57a12bc7478d56c223eb5de7b2fb98ce42a70314c74ffecf5dbe75ed1b8"
            ],
            "version": "==0.2.0"
        },
        "gevent": {
            "hashes": [
                "sha256:9b492bb1a043540abb6e54fdb5537531e24962ca49c09f3b47dc4f9c37f6297c",
                "sha256:de13a8e378103af84a8bf6015ad1d2761d46f29b8393e8dd6d9bb7cb51bbb713",
                "sha256:deafd70d04ab62428d4e291e8e2c0fb22f38690e6a9f23a67ee6c304087634da",
                "sha256:b67a10799923f9fed546ca5f8b93a2819c71a60132d7a97b4a13fbdab66b278a",
                "sha256:35790f1a3c8e431ada3471b70bb2105050009ea4beb15cbe41b86bc716a7ffa9",
                "sha256:c9dd6534c46ed782e2d7236767cd07115cb29ce8670c2fc0794f264de9024fe0",
                "sha256:b7e0e6400c2f3ce78a9ae1cdd55b53166feedd003d60c033863881227129a4d3",
                "sha256:0901975628790e8a57fc92bb7062e5b856edea48c8de9caf36cfda14eae07329",
                "sha256:df52e06a2754c2d905aad75a7dc06a732c804d9edbc87f06f47c8f483ba98bca",
                "sha256:70558dd45c7a1f8046ba45792e489dd0f409bd8a3b7a0635ca9d3055223b3dff",
                "sha256:8a710eddb3e9e5f22bdbd458b5f211b94f59409ecd6896f15b9fee2cba266a59",
                "sha256:60109741377367eef8ded9283a1bf629621b73acaf3e1e8aac9d1a0f50fa0f05",
                "sha256:552719cec4721673b8c7d2f9de666e3f7591b9b182f801ecaef1c76e638052aa",
                "sha256:a16db4f56699ef07f0249b953ff949aae641e50b2bdc4710f11c0d8d9089b296",
                "sha256:59e9237af027f8db85e5d78a9da2e328ae96f01d67a0d62abcecad3db7876908",
                "sha256:833bebdc36bfeeedefc200ca9aee9b8eddd80f56b63ca1e886e18b97b1240edd",
                "sha256:81cb24e0f7bd9888596364e8d8ed0d65c2547c84884c67bb46d956faeed67396",
                "sha256:1af93825db5753550fa8ff5ab2f2132e8733170b3f8d38347b34fa4a984cb624",
                "sha256:2ff045a91509c35664c27a849c8cbf742a227f587b7cdbc88301e9c85dcaedff",
                "sha256:a66cf99f08da65c501826a19e30f5a6e7ba942fdd79baba5ce2d51eebaa13444",
                "sha256:4791c8ae9c57d6f153354736e1ccab1e2baf6c8d9ae5a77a9ac90f41e2966b2d",
                "sha256:74bce0c30bb2240e3d5d515ba8cb3eadf840c2bde7109a1979c7a26c9d0f5a6a",
                "sha256:a0ed8ba787b9c0c1c565c2675d71652e6c1e2d4e91f53530860d0303e867fe85",
                "sha256:c35b29de49211014ec66d056fd4f9ba7a04795e2a654697f72879c0cf365d6d4",
                "sha256:6892fabc9051e8c0a171d543b6536859aabeb6d169db79b2f45d64dc2a15808c",
                "sha256:fce894a64db3911897cdad6c37fbb23dfb18b7bf8b9cb8c00a8ea0a7253651c9",
                "sha256:4f098002126ebef7f2907188b6c8b09e5193161ce968847d9e6a8bc832b0db9a",
                "sha256:33fa6759eabc9176ddbe0d29b66867a82e19a61f06eb7cfabbac35343c0ecf24",
                "sha256:7f93b67b680f4a921f517294048d05f8f6f0ed5962b78d6685a6cf0fcd7d8202"
            ],
            "version": "==1.2.2"
        },
        "greenlet": {
            "hashes": [
                "sha256:96888e47898a471073b394ea641b7d675c1d054c580dd4a04a382bd34e67d89e",
                "sha256:d2d5103f6cba131e1be660230018e21f276911d2b68b629ead1c5cb5e5472ac7",
                "sha256:bc339de0e0969de5118d0b62a080a7611e2ba729a90f4a3ad78559c51bc5576d",
                "sha256:b8ab98f8ae25938326dc4c21e3689a933531500ae4f3bfcefe36e3e25fda4dbf",
                "sha256:416a3328d7e0a19aa1df3ec09524a109061fd7b80e010ef0dff9f695b4ac5e20",
                "sha256:21232907c8c26838b16915bd8fbbf82fc70c996073464cc70981dd4a96bc841c",
                "sha256:6803d8c6b235c861c50afddf00c7467ffbcd5ab960d137ff0f9c36f2cb11ee4b",
                "sha256:76dab055476dd4dabb00a967b4df1990b25542d17eaa40a18f66971d10193e0b",
                "sha256:70b9ff28921f5a3c03df4896ec8c55f5f94c593d7a79abd98b4c5c4a692ba873",
                "sha256:7114b757b4146f4c87a0f00f1e58abd4c4729836679af0fc37266910a4a72eb0",
                "sha256:0d90c709355ed13f16676f84e5a9cd67826a9f5c5143381c21e8fc3100ade1f1",
                "sha256:ebae83b6247f83b1e8d887733dfa8046ce6e29d8b3e2a7380256e9de5c6ae55d",
                "sha256:e841e3ece633acae5e2bf6102140a605ffee7d5d4921dca1625c5fdc0f0b3248",
                "sha256:3e5e9be157ece49e4f97f3225460caf758ccb00f934fcbc5db34367cc1ff0aee",
                "sha256:e77b708c37b652c7501b9f8f6056b23633c567aaa0d29edfef1c11673c64b949",
                "sha256:0da1fc809c3bdb93fbacd0f921f461aacd53e554a7b7d4e9953ba09131c4206e",
                "sha256:66fa5b101fcf4521138c1a29668074268d938bbb7de739c8faa9f92ea1f05e1f",
                "sha256:e5451e1ce06b74a4861576c2db74405a4398c4809a105774550a9e52cfc8c4da",
                "sha256:9c407aa6adfd4eea1232e81aa9f3cb3d9b955a9891c4819bf9b498c77efba14b",
                "sha256:b56ac981f07b77e72ad5154278b93396d706572ea52c2fce79fee2abfcc8bfa6",
                "sha256:e4c99c6010a5d153d481fdaf63b8a0782825c0721506d880403a3b9b82ae347e"
            ],
            "version": "==0.4.12"
        },
        "gunicorn": {
            "hashes": [
                "sha256:75af03c99389535f218cc596c7de74df4763803f7b63eb09d77e92b3956b36c6",
                "sha256:eee1169f0ca667be05db3351a0960765620dad53f53434262ff8901b68a1b622"
            ],
            "version": "==19.7.1"
        },
        "humanize": {
            "hashes": [
                "sha256:a43f57115831ac7c70de098e6ac46ac13be00d69abbf60bdcac251344785bb19"
            ],
            "version": "==0.5.1"
        },
        "itsdangerous": {
            "hashes": [
                "sha256:cbb3fcf8d3e33df861709ecaf89d9e6629cff0a217bc2848f1b41cd30d360519"
            ],
            "version": "==0.24"
        },
        "jinja2": {
            "hashes": [
                "sha256:74c935a1b8bb9a3947c50a54766a969d4846290e1e788ea44c1392163723c3bd",
                "sha256:f84be1bb0040caca4cea721fcbbbbd61f9be9464ca236387158b0feea01914a4"
            ],
            "version": "==2.10"
        },
        "markupsafe": {
            "hashes": [
                "sha256:a6be69091dac236ea9c6bc7d012beab42010fa914c459791d627dad4910eb665"
            ],
            "version": "==1.0"
        },
        "maya": {
            "hashes": [
                "sha256:b22d22837f921b8cbe884b6a288d9f795c58d9d9165e4a9ff80df102914e2e49",
                "sha256:bad39d8f9c6e2c8f446a2187eafbc2128aa20397787be1e4697bb29b239908f5"
            ],
            "version": "==0.3.3"
        },
        "meinheld": {
            "hashes": [
                "sha256:40d9dbce0165b2d9142f364d26fd6d59d3682f89d0dfe2117717a8ddad1f4133",
                "sha256:293eff4983b7fcbd9134b47706b22189883fe354993bd10163c65869d141e565"
            ],
            "version": "==0.6.1"
        },
        "pendulum": {
            "hashes": [
                "sha256:9196f0aa4eec534aaf02b45c47dccc6f74a255ecdab6c772cb6bcea6b22790e4",
                "sha256:a34690d8d4fc8eab34ea2dd9a99482dbbf0b1f059fe25effe204dd59bceda069",
                "sha256:1577a44b1f4bbc942136bce654df24e31735e1ff6aaa37e0a6207abf13868be9",
                "sha256:f68f0f13498c9350ffc712765c4e0bdc824a4afd767d1a71933ff7be380bf75e",
                "sha256:76d6861664126fef4cbbdc6218ca09d81c4ed8da4c6df9637e0069f7d820f901",
                "sha256:327c89477e6ea0e240cd9f94c241747a534ac6f3e71c9b2f3298485ffc8939b2",
                "sha256:4f1675010fd934aea011642c33c0dd9bc6954d9be7032c7f9ccfea1ac8d752d7",
                "sha256:e996c34fb101c9c6d88a839c19af74d7c067b92ed3371274efcf4d4b6dc160a6"
            ],
            "version": "==1.4.0"
        },
        "pycparser": {
            "hashes": [
                "sha256:99a8ca03e29851d96616ad0404b4aad7d9ee16f25c9f9708a11faf2810f7b226"
            ],
            "version": "==2.18"
        },
        "python-dateutil": {
            "hashes": [
                "sha256:95511bae634d69bc7329ba55e646499a842bc4ec342ad54a8cdb65645a0aad3c",
                "sha256:891c38b2a02f5bb1be3e4793866c8df49c7d19baabf9c1bad62547e0b4866aca"
            ],
            "version": "==2.6.1"
        },
        "pytz": {
            "hashes": [
                "sha256:80af0f3008046b9975242012a985f04c5df1f01eed4ec1633d56cc47a75a6a48",
                "sha256:feb2365914948b8620347784b6b6da356f31c9d03560259070b2f30cff3d469d",
                "sha256:59707844a9825589878236ff2f4e0dc9958511b7ffaae94dc615da07d4a68d33",
                "sha256:d0ef5ef55ed3d37854320d4926b04a4cb42a2e88f71da9ddfdacfde8e364f027",
                "sha256:c41c62827ce9cafacd6f2f7018e4f83a6f1986e87bfd000b8cfbd4ab5da95f1a",
                "sha256:8cc90340159b5d7ced6f2ba77694d946fc975b09f1a51d93f3ce3bb399396f94",
                "sha256:dd2e4ca6ce3785c8dd342d1853dd9052b19290d5bf66060846e5dc6b8d6667f7",
                "sha256:699d18a2a56f19ee5698ab1123bbcc1d269d061996aeb1eda6d89248d3542b82",
                "sha256:fae4cffc040921b8a2d60c6cf0b5d662c1190fe54d718271db4eb17d44a185b7"
            ],
            "version": "==2017.3"
        },
        "pytzdata": {
            "hashes": [
                "sha256:cd5b72400a7378b3b45eef5929cbe97ed44c3368685c35c477e316ebaa7e1809",
                "sha256:e87376f2ee7cb89af5ddea5ed07ce3e98a55f891d07ae87d8c49e99f069423f2"
            ],
            "version": "==2017.3.1"
        },
        "raven": {
            "hashes": [
                "sha256:0adae40e004dfe2181d1f2883aa3d4ca1cf16dbe449ae4b445b011c6eb220a90",
                "sha256:84da75114739191bdf2388f296ffd6177e83567a7fbaf2701e034ad6026e4f3b"
            ],
            "version": "==6.5.0"
        },
        "regex": {
            "hashes": [
                "sha256:28a542117efd479cff110711c28f34cb40636f670d427dc42710b5183fbd92c4",
                "sha256:93064faef899911a7378443fcfb1f2e93e19706a324162fc71dd996c85b24f37",
                "sha256:9c4b23f8a68470522a0cdfbdcffbe2f61d7659b5d505cb7c1a729a6805345210",
                "sha256:45fed2f98e5ca0fc420ff31cbd9eccbee41e4d607569fddaba0faea36ef6043d",
                "sha256:079c656874ba6c2e3332df488d4eff33b94b4e260e3901dce1553cb4f1f36c73",
                "sha256:c1ef8f72944bef49261daaa83c7d77439f54f8deefefc0e2cf7144ac8b20ac1f",
                "sha256:26795107acb81bb07ef832832548834b03846eb046e5ba9a5917ee012c68c1e6",
                "sha256:3e2609e0e366b21c3db3d41159d99e7bd37e02caaba24bba77ec5cc594c62c4e",
                "sha256:801e054c1aa163545d29e186a1bea779437a19b49c4da9e11049624c2d2bfd31",
                "sha256:51306abdaac9e712b208066d284ddc7e3a332c77ad6054ba8d305d607609a328",
                "sha256:660990e223ef2f71cb78b4e106a9a023652a31fd305051a901b0f87171b69e24",
                "sha256:47230e1af3479810b1ef2bf23768b5195588a03eea6248b678d6893c48f58082",
                "sha256:5f15a27c24ed4ad2ed492abe80ddf27d35d63ef6c0d8878c915de6bf9f36c6f3",
                "sha256:67025161b70b0625749b1b89200da59fecc2fda9d1e46f9ef588f9a4af9fc48f",
                "sha256:139678fc013b75e486e580c39b4c52d085ed7362e400960f8be1711a414f16b5"
            ],
            "version": "==2018.1.10"
        },
        "ruamel.ordereddict": {
            "hashes": [
                "sha256:150ce8e6c514a2a2b62753622a75874962561f8e5eeec81a3172ab952807bf0b",
                "sha256:45541836cbfdde630033cae7bbbe35acbac87a0ceec79f944b7a3bedd940fe78",
                "sha256:aee2fa23e884249b4284b728888c553d551e5bfd4de2731f10153fd7813ec55f",
                "sha256:08b4b19fe518d32251a5338e039c4dc9eb0876f2919f94c9b8d2f9446ea80806",
                "sha256:bf0a198c8ce5d973c24e5dba12d3abc254996788ca6ad8448eabc6aa710db149"
            ],
            "version": "==0.4.13"
        },
        "ruamel.yaml": {
            "hashes": [
                "sha256:14d161558e3bf89e87d77c218098be22fa9a0d6d0bea40250fce525b1d0cbee2",
                "sha256:fcfc24a21594c071cc4588e84b7657a1f47ebcf6037c6c43fa15c4bbd3989ec2",
                "sha256:02babffd019911841ba01b76e23dfec7c9e9b2725503fb2698c4982fa1a6e835",
                "sha256:c0908896e34b617ead40552cab03c1769bdc43d1da02419160dc900c5dfddde2",
                "sha256:01e30ecb1b1c0ebf9fce814dc20dace402571517277799291202b61b22096c24",
                "sha256:b6c5d5f03ba78e3f27c7188a00c4e09b6a4507fe3154ba40a294e09cb30ee016",
                "sha256:9225c83952d28f302cfc23c3d9a6f8231bfd581476d7aff1e3c7de49eecb4ee9",
                "sha256:c41e04b526d0153c9246cfab87d7ddefdc9f165cb8886a8ec48ba7a2b73069f6",
                "sha256:6d05c5a5baf829c70916c226ef3200650846a7227de226bca8a59efaf88bb973",
                "sha256:e3bbfe0d294e08fdbb0cb05485435a2ceb4e168e98b5dc611f051c1864986b4b",
                "sha256:68c8f2986bcb91b6db1aea8698941769840c7257e951a9377048f7eff35be773",
                "sha256:072f6364a89972e8dc0afdce3335a709d5464dfeaa4f736d092a54574338b874",
                "sha256:5504398fc755a2b14c9983b2101161a8591a4b30812590cc1c365e7fcc117dfa",
                "sha256:e2d2715bf92156bec5fb42e92e95dac1c4d9904f8a3d4e2d0c438758fe9092d7",
                "sha256:6d7929b24e329d662fa43b657fddfee5260e2d35d0a543065cd755d4e17a9b2f",
                "sha256:f2d02a4af5a13b09d0b823cdd0317b54f3e0115e50b5ac4d9840c3a1b566817f",
                "sha256:8dc74821e4bb6b21fb1ab35964e159391d99ee44981d07d57bf96e2395f3ef75"
            ],
            "version": "==0.15.35"
        },
        "six": {
            "hashes": [
                "sha256:832dc0e10feb1aa2c68dcc57dbb658f1c7e65b9b61af69048abc87a2db00a0eb",
                "sha256:70e8a77beed4562e7f14fe23a786b54f6296e34344c23bc42f07b15018ff98e9"
            ],
            "version": "==1.11.0"
        },
        "tzlocal": {
            "hashes": [
                "sha256:4ebeb848845ac898da6519b9b31879cf13b6626f7184c496037b818e238f2c4e"
            ],
            "version": "==1.5.1"
        },
        "werkzeug": {
            "hashes": [
                "sha256:d5da73735293558eb1651ee2fddc4d0dedcfa06538b8813a2e20011583c9e49b",
                "sha256:c3fd7a7d41976d9f44db327260e263132466836cef6f91512889ed60ad26557c"
            ],
            "version": "==0.14.1"
        },
        "whitenoise": {
            "hashes": [
                "sha256:15f43b2e701821b95c9016cf469d29e2a546cb1c7dead584ba82c36f843995cf",
                "sha256:9d81515f2b5b27051910996e1e860b1332e354d9e7bcf30c98f21dcb6713e0dd"
            ],
            "version": "==3.3.1"
        }
    },
    "develop": {}
}
